
Microsoft Visual Studio Solution File, Format Version 12.00
# Visual Studio 16
Project("{FAE04EC0-301F-11D3-BF4B-00C04F79EFBC}") = "Assembly-CSharp", "Assembly-CSharp.csproj", "{E7DB69EB-A5F0-6A4B-DDF2-DBD1D6E07D25}"
EndProject
Project("{FAE04EC0-301F-11D3-BF4B-00C04F79EFBC}") = "Assembly-CSharp-firstpass", "Assembly-CSharp-firstpass.csproj", "{ED89230A-5E24-2F66-51BD-AD3981272740}"
EndProject
Project("{FAE04EC0-301F-11D3-BF4B-00C04F79EFBC}") = "Assembly-CSharp-Editor", "Assembly-CSharp-Editor.csproj", "{40420A2F-AB6D-6747-6E57-1CBF8FA86B64}"
EndProject
Global
	GlobalSection(SolutionConfigurationPlatforms) = preSolution
		Debug|Any CPU = Debug|Any CPU
		Release|Any CPU = Release|Any CPU
	EndGlobalSection
	GlobalSection(ProjectConfigurationPlatforms) = postSolution
		{E7DB69EB-A5F0-6A4B-DDF2-DBD1D6E07D25}.Debug|Any CPU.ActiveCfg = Debug|Any CPU
		{E7DB69EB-A5F0-6A4B-DDF2-DBD1D6E07D25}.Debug|Any CPU.Build.0 = Debug|Any CPU
		{E7DB69EB-A5F0-6A4B-DDF2-DBD1D6E07D25}.Release|Any CPU.ActiveCfg = Release|Any CPU
		{E7DB69EB-A5F0-6A4B-DDF2-DBD1D6E07D25}.Release|Any CPU.Build.0 = Release|Any CPU
		{ED89230A-5E24-2F66-51BD-AD3981272740}.Debug|Any CPU.ActiveCfg = Debug|Any CPU
		{ED89230A-5E24-2F66-51BD-AD3981272740}.Debug|Any CPU.Build.0 = Debug|Any CPU
		{ED89230A-5E24-2F66-51BD-AD3981272740}.Release|Any CPU.ActiveCfg = Release|Any CPU
		{ED89230A-5E24-2F66-51BD-AD3981272740}.Release|Any CPU.Build.0 = Release|Any CPU
		{40420A2F-AB6D-6747-6E57-1CBF8FA86B64}.Debug|Any CPU.ActiveCfg = Debug|Any CPU
		{40420A2F-AB6D-6747-6E57-1CBF8FA86B64}.Debug|Any CPU.Build.0 = Debug|Any CPU
		{40420A2F-AB6D-6747-6E57-1CBF8FA86B64}.Release|Any CPU.ActiveCfg = Release|Any CPU
		{40420A2F-AB6D-6747-6E57-1CBF8FA86B64}.Release|Any CPU.Build.0 = Release|Any CPU
	EndGlobalSection
	GlobalSection(SolutionProperties) = preSolution
		HideSolutionNode = FALSE
	EndGlobalSection
EndGlobal
